{
  "requires": true,
  "lockfileVersion": 1,
  "dependencies": {
    "@babel/runtime": {
      "version": "7.11.2",
      "resolved": "https://registry.npmjs.org/@babel/runtime/-/runtime-7.11.2.tgz",
      "integrity": "sha512-TeWkU52so0mPtDcaCTxNBI/IHiz0pZgr8VEFqXFtZWpYD08ZB6FaSwVAS8MKRQAP3bYKiVjwysOJgMFY28o6Tw==",
      "requires": {
        "regenerator-runtime": "^0.13.4"
      }
    },
    "Blob": {
      "version": "0.10.0",
      "resolved": "https://registry.npmjs.org/Blob/-/Blob-0.10.0.tgz",
      "integrity": "sha1-SFptnVT9TddCU+DGCvhvxmYh6d8="
    },
    "broker-factory": {
      "version": "3.0.22",
      "resolved": "https://registry.npmjs.org/broker-factory/-/broker-factory-3.0.22.tgz",
      "integrity": "sha512-2jmfR8MrswJdxdIErzSmmZE006Mwj8jAnXnPg9tUqdjaotnl2CZOuyxnGwe6x7AZXrKXNQRhfm8b/vOx308Miw==",
      "requires": {
        "@babel/runtime": "^7.11.2",
        "fast-unique-numbers": "^5.0.17",
        "tslib": "^2.0.1",
        "worker-factory": "^6.0.21"
      }
    },
    "compilerr": {
      "version": "8.0.19",
      "resolved": "https://registry.npmjs.org/compilerr/-/compilerr-8.0.19.tgz",
      "integrity": "sha512-82W8Kh64MG3cY9HfyeDb0yZ/ztu1yMIDXLoms7sFUc/70x6BRvzSQNORYFsnqpGMTx7sZ5D1+PQDd1zQGI/vAw==",
      "requires": {
        "@babel/runtime": "^7.11.2",
        "dashify": "^2.0.0",
        "indefinite-article": "0.0.2",
        "tslib": "^2.0.1"
      }
    },
    "dashify": {
      "version": "2.0.0",
      "resolved": "https://registry.npmjs.org/dashify/-/dashify-2.0.0.tgz",
      "integrity": "sha512-hpA5C/YrPjucXypHPPc0oJ1l9Hf6wWbiOL7Ik42cxnsUOhWiCB/fylKbKqqJalW9FgkNQCw16YO8uW9Hs0Iy1A=="
    },
    "fast-unique-numbers": {
      "version": "5.0.17",
      "resolved": "https://registry.npmjs.org/fast-unique-numbers/-/fast-unique-numbers-5.0.17.tgz",
      "integrity": "sha512-E1MxUBMQpzGO+Vk1fhIqhQqFZ6pooA74nI7vutBGZG8PRzsw3Tk2PwkLeNt/HtLplWhMR9EXwLTfx43MrhhtTw==",
      "requires": {
        "@babel/runtime": "^7.11.2",
        "tslib": "^2.0.1"
      }
    },
    "indefinite-article": {
      "version": "0.0.2",
      "resolved": "https://registry.npmjs.org/indefinite-article/-/indefinite-article-0.0.2.tgz",
      "integrity": "sha1-S8hVJXBmz6th6mi+unXRANbiUGs="
    },
    "midi-json-parser": {
      "version": "8.0.10",
      "resolved": "https://registry.npmjs.org/midi-json-parser/-/midi-json-parser-8.0.10.tgz",
      "integrity": "sha512-phs5hPjLA8t3gSY7UloJ9S7xiRlcIZQYYN9jqQSex+zrwjrtcA1AdBAF0OnOAT7nneu17b/qDKlWLowqJj6zqA==",
      "requires": {
        "@babel/runtime": "^7.11.2",
        "midi-json-parser-broker": "^4.0.23",
        "midi-json-parser-worker": "^8.0.10",
        "tslib": "^2.0.1"
      }
    },
    "midi-json-parser-broker": {
      "version": "4.0.23",
      "resolved": "https://registry.npmjs.org/midi-json-parser-broker/-/midi-json-parser-broker-4.0.23.tgz",
      "integrity": "sha512-EObbGd3ZhK2LgzhSxl4ousBj2QR9G9d3fiKO4qEyAy7DE+1O4sGm8fko8wkQD196/FTja3a1psjs39sVrZufVA==",
      "requires": {
        "@babel/runtime": "^7.11.2",
        "broker-factory": "^3.0.22",
        "midi-json-parser-worker": "^8.0.10",
        "tslib": "^2.0.1"
      }
    },
    "midi-json-parser-worker": {
      "version": "8.0.10",
      "resolved": "https://registry.npmjs.org/midi-json-parser-worker/-/midi-json-parser-worker-8.0.10.tgz",
      "integrity": "sha512-7V5eALMXyrLZ+Tq9PXpfrlfae6gCkSsKAuBCnBJ6HkwmEtLv8i4o8qkhdHN8FdgX2BJCOyvDbVX9VT4O3vcCng==",
      "requires": {
        "@babel/runtime": "^7.11.2",
        "tslib": "^2.0.1",
        "worker-factory": "^6.0.21"
      }
    },
    "regenerator-runtime": {
      "version": "0.13.7",
      "resolved": "https://registry.npmjs.org/regenerator-runtime/-/regenerator-runtime-0.13.7.tgz",
      "integrity": "sha512-a54FxoJDIr27pgf7IgeQGxmqUNYrcV338lf/6gH456HZ/PhX+5BcwHXG9ajESmwe6WRO0tAzRUrRmNONWgkrew=="
    },
    "stochastic": {
      "version": "0.0.14",
      "resolved": "https://registry.npmjs.org/stochastic/-/stochastic-0.0.14.tgz",
      "integrity": "sha1-7qg4i1eK09khB29pv+W0NS2zTgg="
    },
    "tslib": {
      "version": "2.0.1",
      "resolved": "https://registry.npmjs.org/tslib/-/tslib-2.0.1.tgz",
      "integrity": "sha512-SgIkNheinmEBgx1IUNirK0TUD4X9yjjBRTqqjggWCU3pUEqIk3/Uwl3yRixYKT6WjQuGiwDv4NomL3wqRCj+CQ=="
    },
    "worker-factory": {
      "version": "6.0.21",
      "resolved": "https://registry.npmjs.org/worker-factory/-/worker-factory-6.0.21.tgz",
      "integrity": "sha512-mYkXXzf93hwO3DPNn1MTNzEGW5z+Od7JsWM4QHIkxrjPHsqQspp0PrCUq6JSTcmrHNe55Z8Dy7X4z2BIfGz0nw==",
      "requires": {
        "@babel/runtime": "^7.11.2",
        "compilerr": "^8.0.19",
        "fast-unique-numbers": "^5.0.17",
        "tslib": "^2.0.1"
      }
    }
  }
}
