{
  "requires": true,
  "lockfileVersion": 1,
  "dependencies": {
    "@tonejs/midi": {
      "version": "2.0.25",
      "resolved": "https://registry.npmjs.org/@tonejs/midi/-/midi-2.0.25.tgz",
      "integrity": "sha512-zT8pZy/upJCGqXHSCO1+U39wgWIaizDg+sv7nVReJehMcT86Peh+zo5kQ42Guwgc/gnv47n7fJhoTRGsJVaqJQ==",
      "requires": {
        "array-flatten": "^2.1.2",
        "midi-file": "^1.1.2"
      }
    },
    "accidental-value": {
      "version": "1.0.0",
      "resolved": "https://registry.npmjs.org/accidental-value/-/accidental-value-1.0.0.tgz",
      "integrity": "sha1-nQh1Oozl+KfgtJFXnvXB4BiJ6A8="
    },
    "array-flatten": {
      "version": "2.1.2",
      "resolved": "https://registry.npmjs.org/array-flatten/-/array-flatten-2.1.2.tgz",
      "integrity": "sha512-hNfzcOV8W4NdualtqBFPyVO+54DSJuZGY9qT4pRroB6S9e3iiido2ISIC5h9R2sPJ8H3FHCIiEnsv1lPXO3KtQ=="
    },
    "daccord": {
      "version": "1.1.0",
      "resolved": "https://registry.npmjs.org/daccord/-/daccord-1.1.0.tgz",
      "integrity": "sha1-NvDzmrH1dfdwndl9Nv/m2It40bQ="
    },
    "helmholtz": {
      "version": "2.0.2",
      "resolved": "https://registry.npmjs.org/helmholtz/-/helmholtz-2.0.2.tgz",
      "integrity": "sha1-VGMGIb2HV1sMK9kUcIenmo/jCBE=",
      "requires": {
        "accidental-value": "^1.0.0",
        "notecoord": "^1.0.1"
      }
    },
    "interval-coords": {
      "version": "1.1.1",
      "resolved": "https://registry.npmjs.org/interval-coords/-/interval-coords-1.1.1.tgz",
      "integrity": "sha1-SoOkAhRtlaTbBiwSm3nLNKfs3ck="
    },
    "midi-file": {
      "version": "1.1.2",
      "resolved": "https://registry.npmjs.org/midi-file/-/midi-file-1.1.2.tgz",
      "integrity": "sha512-VQNzirfADDFXTymgPJv2VfLylCq14spRNFhpA6u7dLqPMbw1BqGf5u9B0k7z++8X1RMs57pyn+G4kzhyIatlyw=="
    },
    "midi-writer-js": {
      "version": "1.7.4",
      "resolved": "https://registry.npmjs.org/midi-writer-js/-/midi-writer-js-1.7.4.tgz",
      "integrity": "sha512-Qpou6O+G8G3ZhDyzGwKjm9Tj2u5YeEFVcxB8MAy7nGuq3Ii8DJlOaqHEllS9n+tq6l2FSExgLJz+d3hwrF8UZQ==",
      "requires": {
        "tonal-midi": "^0.69.7"
      }
    },
    "note-parser": {
      "version": "2.0.1",
      "resolved": "https://registry.npmjs.org/note-parser/-/note-parser-2.0.1.tgz",
      "integrity": "sha1-JDj9V6RolLQCs6IHF5hmASnI+8E="
    },
    "notecoord": {
      "version": "1.1.0",
      "resolved": "https://registry.npmjs.org/notecoord/-/notecoord-1.1.0.tgz",
      "integrity": "sha1-icQqt7tXlqKfPH+t6YJcUJ2PHtE="
    },
    "pitch-fq": {
      "version": "1.0.0",
      "resolved": "https://registry.npmjs.org/pitch-fq/-/pitch-fq-1.0.0.tgz",
      "integrity": "sha1-ZRs+iFL2W5VV86KPeulvEeNTNBY="
    },
    "scientific-notation": {
      "version": "1.0.2",
      "resolved": "https://registry.npmjs.org/scientific-notation/-/scientific-notation-1.0.2.tgz",
      "integrity": "sha1-zOo5VP4ql502QcljrNmeVzNjkYI=",
      "requires": {
        "accidental-value": "^1.0.0",
        "notecoord": "^1.0.1"
      }
    },
    "teoria": {
      "version": "2.5.0",
      "resolved": "https://registry.npmjs.org/teoria/-/teoria-2.5.0.tgz",
      "integrity": "sha512-LdnDG2PKkYAdBWGBgqZS3POuwq3Kzwj4PBR4PzEsEQ8T/tGqwEoa++SLDxSx7mvsfYA2VirfJWSXhMcpuhquaQ==",
      "requires": {
        "daccord": "^1.0.1",
        "helmholtz": "^2.0.1",
        "interval-coords": "^1.1.1",
        "pitch-fq": "^1.0.0",
        "scientific-notation": "^1.0.2"
      }
    },
    "tonal-midi": {
      "version": "0.69.7",
      "resolved": "https://registry.npmjs.org/tonal-midi/-/tonal-midi-0.69.7.tgz",
      "integrity": "sha1-51Tsk/Pb2yim051CRXwzrSRf+kc=",
      "requires": {
        "note-parser": "^2.0.1"
      }
    }
  }
}
